// !$*UTF8*$!
{
	archiveVersion = 1;
	classes = {
	};
	objectVersion = 46;
	objects = {

/* Begin PBXBuildFile section */
		B25605861CEEABFE00BAEF6A /* main.cpp in Sources */ = {isa = PBXBuildFile; fileRef = B25605851CEEABFE00BAEF6A /* main.cpp */; };
		B25605961CEEB07900BAEF6A /* Hero.cpp in Sources */ = {isa = PBXBuildFile; fileRef = B25605941CEEB07900BAEF6A /* Hero.cpp */; };
		B264FBC41DC8052C0049CA41 /* HeroPool.cpp in Sources */ = {isa = PBXBuildFile; fileRef = B264FBC21DC8052C0049CA41 /* HeroPool.cpp */; };
		B264FBC71DC805780049CA41 /* DraftMove.cpp in Sources */ = {isa = PBXBuildFile; fileRef = B264FBC51DC805780049CA41 /* DraftMove.cpp */; };
		B264FBCA1DC80C580049CA41 /* Team.cpp in Sources */ = {isa = PBXBuildFile; fileRef = B264FBC81DC80C580049CA41 /* Team.cpp */; };
/* End PBXBuildFile section */

/* Begin PBXCopyFilesBuildPhase section */
		B25605801CEEABFE00BAEF6A /* CopyFiles */ = {
			isa = PBXCopyFilesBuildPhase;
			buildActionMask = 2147483647;
			dstPath = /usr/share/man/man1/;
			dstSubfolderSpec = 0;
			files = (
			);
			runOnlyForDeploymentPostprocessing = 1;
		};
/* End PBXCopyFilesBuildPhase section */

/* Begin PBXFileReference section */
		B25605821CEEABFE00BAEF6A /* DotaProject */ = {isa = PBXFileReference; explicitFileType = "compiled.mach-o.executable"; includeInIndex = 0; path = DotaProject; sourceTree = BUILT_PRODUCTS_DIR; };
		B25605851CEEABFE00BAEF6A /* main.cpp */ = {isa = PBXFileReference; lastKnownFileType = sourcecode.cpp.cpp; path = main.cpp; sourceTree = "<group>"; };
		B25605941CEEB07900BAEF6A /* Hero.cpp */ = {isa = PBXFileReference; fileEncoding = 4; lastKnownFileType = sourcecode.cpp.cpp; path = Hero.cpp; sourceTree = "<group>"; };
		B25605951CEEB07900BAEF6A /* Hero.h */ = {isa = PBXFileReference; fileEncoding = 4; lastKnownFileType = sourcecode.c.h; path = Hero.h; sourceTree = "<group>"; };
		B264FBC21DC8052C0049CA41 /* HeroPool.cpp */ = {isa = PBXFileReference; fileEncoding = 4; lastKnownFileType = sourcecode.cpp.cpp; path = HeroPool.cpp; sourceTree = "<group>"; };
		B264FBC31DC8052C0049CA41 /* HeroPool.h */ = {isa = PBXFileReference; fileEncoding = 4; lastKnownFileType = sourcecode.c.h; path = HeroPool.h; sourceTree = "<group>"; };
		B264FBC51DC805780049CA41 /* DraftMove.cpp */ = {isa = PBXFileReference; fileEncoding = 4; lastKnownFileType = sourcecode.cpp.cpp; path = DraftMove.cpp; sourceTree = "<group>"; };
		B264FBC61DC805780049CA41 /* DraftMove.h */ = {isa = PBXFileReference; fileEncoding = 4; lastKnownFileType = sourcecode.c.h; path = DraftMove.h; sourceTree = "<group>"; };
		B264FBC81DC80C580049CA41 /* Team.cpp */ = {isa = PBXFileReference; fileEncoding = 4; lastKnownFileType = sourcecode.cpp.cpp; path = Team.cpp; sourceTree = "<group>"; };
		B264FBC91DC80C580049CA41 /* Team.h */ = {isa = PBXFileReference; fileEncoding = 4; lastKnownFileType = sourcecode.c.h; path = Team.h; sourceTree = "<group>"; };
/* End PBXFileReference section */

/* Begin PBXFrameworksBuildPhase section */
		B256057F1CEEABFE00BAEF6A /* Frameworks */ = {
			isa = PBXFrameworksBuildPhase;
			buildActionMask = 2147483647;
			files = (
			);
			runOnlyForDeploymentPostprocessing = 0;
		};
/* End PBXFrameworksBuildPhase section */

/* Begin PBXGroup section */
		B25605791CEEABFE00BAEF6A = {
			isa = PBXGroup;
			children = (
				B25605841CEEABFE00BAEF6A /* DotaProject */,
				B25605831CEEABFE00BAEF6A /* Products */,
			);
			sourceTree = "<group>";
		};
		B25605831CEEABFE00BAEF6A /* Products */ = {
			isa = PBXGroup;
			children = (
				B25605821CEEABFE00BAEF6A /* DotaProject */,
			);
			name = Products;
			sourceTree = "<group>";
		};
		B25605841CEEABFE00BAEF6A /* DotaProject */ = {
			isa = PBXGroup;
			children = (
				B25605851CEEABFE00BAEF6A /* main.cpp */,
				B25605941CEEB07900BAEF6A /* Hero.cpp */,
				B25605951CEEB07900BAEF6A /* Hero.h */,
				B264FBC21DC8052C0049CA41 /* HeroPool.cpp */,
				B264FBC31DC8052C0049CA41 /* HeroPool.h */,
				B264FBC51DC805780049CA41 /* DraftMove.cpp */,
				B264FBC61DC805780049CA41 /* DraftMove.h */,
				B264FBC81DC80C580049CA41 /* Team.cpp */,
				B264FBC91DC80C580049CA41 /* Team.h */,
			);
			path = DotaProject;
			sourceTree = "<group>";
		};
/* End PBXGroup section */

/* Begin PBXNativeTarget section */
		B25605811CEEABFE00BAEF6A /* DotaProject */ = {
			isa = PBXNativeTarget;
			buildConfigurationList = B25605891CEEABFE00BAEF6A /* Build configuration list for PBXNativeTarget "DotaProject" */;
			buildPhases = (
				B256057E1CEEABFE00BAEF6A /* Sources */,
				B256057F1CEEABFE00BAEF6A /* Frameworks */,
				B25605801CEEABFE00BAEF6A /* CopyFiles */,
			);
			buildRules = (
			);
			dependencies = (
			);
			name = DotaProject;
			productName = DotaProject;
			productReference = B25605821CEEABFE00BAEF6A /* DotaProject */;
			productType = "com.apple.product-type.tool";
		};
/* End PBXNativeTarget section */

/* Begin PBXProject section */
		B256057A1CEEABFE00BAEF6A /* Project object */ = {
			isa = PBXProject;
			attributes = {
				LastUpgradeCheck = 0640;
				ORGANIZATIONNAME = "Daniel Gardner";
				TargetAttributes = {
					B25605811CEEABFE00BAEF6A = {
						CreatedOnToolsVersion = 6.4;
					};
				};
			};
			buildConfigurationList = B256057D1CEEABFE00BAEF6A /* Build configuration list for PBXProject "DotaProject" */;
			compatibilityVersion = "Xcode 3.2";
			developmentRegion = English;
			hasScannedForEncodings = 0;
			knownRegions = (
				en,
			);
			mainGroup = B25605791CEEABFE00BAEF6A;
			productRefGroup = B25605831CEEABFE00BAEF6A /* Products */;
			projectDirPath = "";
			projectRoot = "";
			targets = (
				B25605811CEEABFE00BAEF6A /* DotaProject */,
			);
		};
/* End PBXProject section */

/* Begin PBXSourcesBuildPhase section */
		B256057E1CEEABFE00BAEF6A /* Sources */ = {
			isa = PBXSourcesBuildPhase;
			buildActionMask = 2147483647;
			files = (
				B25605861CEEABFE00BAEF6A /* main.cpp in Sources */,
				B264FBC41DC8052C0049CA41 /* HeroPool.cpp in Sources */,
				B264FBC71DC805780049CA41 /* DraftMove.cpp in Sources */,
				B25605961CEEB07900BAEF6A /* Hero.cpp in Sources */,
				B264FBCA1DC80C580049CA41 /* Team.cpp in Sources */,
			);
			runOnlyForDeploymentPostprocessing = 0;
		};
/* End PBXSourcesBuildPhase section */

/* Begin XCBuildConfiguration section */
		B25605871CEEABFE00BAEF6A /* Debug */ = {
			isa = XCBuildConfiguration;
			buildSettings = {
				ALWAYS_SEARCH_USER_PATHS = NO;
				CLANG_CXX_LANGUAGE_STANDARD = "gnu++0x";
				CLANG_CXX_LIBRARY = "libc++";
				CLANG_ENABLE_MODULES = YES;
				CLANG_ENABLE_OBJC_ARC = YES;
				CLANG_WARN_BOOL_CONVERSION = YES;
				CLANG_WARN_CONSTANT_CONVERSION = YES;
				CLANG_WARN_DIRECT_OBJC_ISA_USAGE = YES_ERROR;
				CLANG_WARN_EMPTY_BODY = YES;
				CLANG_WARN_ENUM_CONVERSION = YES;
				CLANG_WARN_INT_CONVERSION = YES;
				CLANG_WARN_OBJC_ROOT_CLASS = YES_ERROR;
				CLANG_WARN_UNREACHABLE_CODE = YES;
				CLANG_WARN__DUPLICATE_METHOD_MATCH = YES;
				COPY_PHASE_STRIP = NO;
				DEBUG_INFORMATION_FORMAT = dwarf;
				ENABLE_STRICT_OBJC_MSGSEND = YES;
				GCC_C_LANGUAGE_STANDARD = gnu99;
				GCC_DYNAMIC_NO_PIC = NO;
				GCC_NO_COMMON_BLOCKS = YES;
				GCC_OPTIMIZATION_LEVEL = 0;
				GCC_PREPROCESSOR_DEFINITIONS = (
					"DEBUG=1",
					"$(inherited)",
				);
				GCC_SYMBOLS_PRIVATE_EXTERN = NO;
				GCC_WARN_64_TO_32_BIT_CONVERSION = YES;
				GCC_WARN_ABOUT_RETURN_TYPE = YES_ERROR;
				GCC_WARN_UNDECLARED_SELECTOR = YES;
				GCC_WARN_UNINITIALIZED_AUTOS = YES_AGGRESSIVE;
				GCC_WARN_UNUSED_FUNCTION = YES;
				GCC_WARN_UNUSED_VARIABLE = YES;
				MACOSX_DEPLOYMENT_TARGET = 10.10;
				MTL_ENABLE_DEBUG_INFO = YES;
				ONLY_ACTIVE_ARCH = YES;
				SDKROOT = macosx;
			};
			name = Debug;
		};
		B25605881CEEABFE00BAEF6A /* Release */ = {
			isa = XCBuildConfiguration;
			buildSettings = {
				ALWAYS_SEARCH_USER_PATHS = NO;
				CLANG_CXX_LANGUAGE_STANDARD = "gnu++0x";
				CLANG_CXX_LIBRARY = "libc++";
				CLANG_ENABLE_MODULES = YES;
				CLANG_ENABLE_OBJC_ARC = YES;
				CLANG_WARN_BOOL_CONVERSION = YES;
				CLANG_WARN_CONSTANT_CONVERSION = YES;
				CLANG_WARN_DIRECT_OBJC_ISA_USAGE = YES_ERROR;
				CLANG_WARN_EMPTY_BODY = YES;
				CLANG_WARN_ENUM_CONVERSION = YES;
				CLANG_WARN_INT_CONVERSION = YES;
				CLANG_WARN_OBJC_ROOT_CLASS = YES_ERROR;
				CLANG_WARN_UNREACHABLE_CODE = YES;
				CLANG_WARN__DUPLICATE_METHOD_MATCH = YES;
				COPY_PHASE_STRIP = NO;
				DEBUG_INFORMATION_FORMAT = "dwarf-with-dsym";
				ENABLE_NS_ASSERTIONS = NO;
				ENABLE_STRICT_OBJC_MSGSEND = YES;
				GCC_C_LANGUAGE_STANDARD = gnu99;
				GCC_NO_COMMON_BLOCKS = YES;
				GCC_WARN_64_TO_32_BIT_CONVERSION = YES;
				GCC_WARN_ABOUT_RETURN_TYPE = YES_ERROR;
				GCC_WARN_UNDECLARED_SELECTOR = YES;
				GCC_WARN_UNINITIALIZED_AUTOS = YES_AGGRESSIVE;
				GCC_WARN_UNUSED_FUNCTION = YES;
				GCC_WARN_UNUSED_VARIABLE = YES;
				MACOSX_DEPLOYMENT_TARGET = 10.10;
				MTL_ENABLE_DEBUG_INFO = NO;
				SDKROOT = macosx;
			};
			name = Release;
		};
		B256058A1CEEABFE00BAEF6A /* Debug */ = {
			isa = XCBuildConfiguration;
			buildSettings = {
				PRODUCT_NAME = "$(TARGET_NAME)";
			};
			name = Debug;
		};
		B256058B1CEEABFE00BAEF6A /* Release */ = {
			isa = XCBuildConfiguration;
			buildSettings = {
				PRODUCT_NAME = "$(TARGET_NAME)";
			};
			name = Release;
		};
/* End XCBuildConfiguration section */

/* Begin XCConfigurationList section */
		B256057D1CEEABFE00BAEF6A /* Build configuration list for PBXProject "DotaProject" */ = {
			isa = XCConfigurationList;
			buildConfigurations = (
				B25605871CEEABFE00BAEF6A /* Debug */,
				B25605881CEEABFE00BAEF6A /* Release */,
			);
			defaultConfigurationIsVisible = 0;
			defaultConfigurationName = Release;
		};
		B25605891CEEABFE00BAEF6A /* Build configuration list for PBXNativeTarget "DotaProject" */ = {
			isa = XCConfigurationList;
			buildConfigurations = (
				B256058A1CEEABFE00BAEF6A /* Debug */,
				B256058B1CEEABFE00BAEF6A /* Release */,
			);
			defaultConfigurationIsVisible = 0;
			defaultConfigurationName = Release;
		};
/* End XCConfigurationList section */
	};
	rootObject = B256057A1CEEABFE00BAEF6A /* Project object */;
}
